
Microsoft Visual Studio Solution File, Format Version 12.00
# Visual Studio Version 16
VisualStudioVersion = 16.0.29709.97
MinimumVisualStudioVersion = 10.0.40219.1
Project("{FAE04EC0-301F-11D3-BF4B-00C04F79EFBC}") = "HyperVWcfTransport.SampleClient", "HyperVWcfTransport.SampleClient\HyperVWcfTransport.SampleClient.csproj", "{A2528604-70FB-49D2-8F7E-B3031FE2DE7C}"
EndProject
Project("{FAE04EC0-301F-11D3-BF4B-00C04F79EFBC}") = "HyperVWcfTransport.SampleServer", "HyperVWcfTransport.SampleServer\HyperVWcfTransport.SampleServer.csproj", "{022922B0-DE10-47BD-9B9D-ADE977BE8BED}"
EndProject
Project("{FAE04EC0-301F-11D3-BF4B-00C04F79EFBC}") = "HyperVWcfTransport.Common", "HyperVWcfTransport.Common\HyperVWcfTransport.Common.csproj", "{704364E1-847F-4DC5-A84E-55FCBC773484}"
EndProject
Global
	GlobalSection(SolutionConfigurationPlatforms) = preSolution
		Debug|Any CPU = Debug|Any CPU
		Release|Any CPU = Release|Any CPU
	EndGlobalSection
	GlobalSection(ProjectConfigurationPlatforms) = postSolution
		{A2528604-70FB-49D2-8F7E-B3031FE2DE7C}.Debug|Any CPU.ActiveCfg = Debug|Any CPU
		{A2528604-70FB-49D2-8F7E-B3031FE2DE7C}.Debug|Any CPU.Build.0 = Debug|Any CPU
		{A2528604-70FB-49D2-8F7E-B3031FE2DE7C}.Release|Any CPU.ActiveCfg = Release|Any CPU
		{A2528604-70FB-49D2-8F7E-B3031FE2DE7C}.Release|Any CPU.Build.0 = Release|Any CPU
		{022922B0-DE10-47BD-9B9D-ADE977BE8BED}.Debug|Any CPU.ActiveCfg = Debug|Any CPU
		{022922B0-DE10-47BD-9B9D-ADE977BE8BED}.Debug|Any CPU.Build.0 = Debug|Any CPU
		{022922B0-DE10-47BD-9B9D-ADE977BE8BED}.Release|Any CPU.ActiveCfg = Release|Any CPU
		{022922B0-DE10-47BD-9B9D-ADE977BE8BED}.Release|Any CPU.Build.0 = Release|Any CPU
		{704364E1-847F-4DC5-A84E-55FCBC773484}.Debug|Any CPU.ActiveCfg = Debug|Any CPU
		{704364E1-847F-4DC5-A84E-55FCBC773484}.Debug|Any CPU.Build.0 = Debug|Any CPU
		{704364E1-847F-4DC5-A84E-55FCBC773484}.Release|Any CPU.ActiveCfg = Release|Any CPU
		{704364E1-847F-4DC5-A84E-55FCBC773484}.Release|Any CPU.Build.0 = Release|Any CPU
	EndGlobalSection
	GlobalSection(SolutionProperties) = preSolution
		HideSolutionNode = FALSE
	EndGlobalSection
	GlobalSection(ExtensibilityGlobals) = postSolution
		SolutionGuid = {EB6141C7-4AC8-4347-AAB7-EF9B77CAEEF2}
	EndGlobalSection
EndGlobal
